
Microsoft Visual Studio Solution File, Format Version 12.00
# Visual Studio 2012
Project("{FAE04EC0-301F-11D3-BF4B-00C04F79EFBC}") = "oop_lab3", "oop_lab3\oop_lab3.csproj", "{69658BE4-B536-40F5-B4B8-2203E7FACC68}"
EndProject
Project("{FAE04EC0-301F-11D3-BF4B-00C04F79EFBC}") = "LandingShipPlugin", "LandingShipPlugin\LandingShipPlugin.csproj", "{084D4924-AACA-45F4-8190-76D7DE98D95C}"
EndProject
Global
	GlobalSection(SolutionConfigurationPlatforms) = preSolution
		Debug|Any CPU = Debug|Any CPU
		Release|Any CPU = Release|Any CPU
	EndGlobalSection
	GlobalSection(ProjectConfigurationPlatforms) = postSolution
		{69658BE4-B536-40F5-B4B8-2203E7FACC68}.Debug|Any CPU.ActiveCfg = Debug|Any CPU
		{69658BE4-B536-40F5-B4B8-2203E7FACC68}.Debug|Any CPU.Build.0 = Debug|Any CPU
		{69658BE4-B536-40F5-B4B8-2203E7FACC68}.Release|Any CPU.ActiveCfg = Release|Any CPU
		{69658BE4-B536-40F5-B4B8-2203E7FACC68}.Release|Any CPU.Build.0 = Release|Any CPU
		{084D4924-AACA-45F4-8190-76D7DE98D95C}.Debug|Any CPU.ActiveCfg = Debug|Any CPU
		{084D4924-AACA-45F4-8190-76D7DE98D95C}.Debug|Any CPU.Build.0 = Debug|Any CPU
		{084D4924-AACA-45F4-8190-76D7DE98D95C}.Release|Any CPU.ActiveCfg = Release|Any CPU
		{084D4924-AACA-45F4-8190-76D7DE98D95C}.Release|Any CPU.Build.0 = Release|Any CPU
	EndGlobalSection
	GlobalSection(SolutionProperties) = preSolution
		HideSolutionNode = FALSE
	EndGlobalSection
EndGlobal
